
Microsoft Visual Studio Solution File, Format Version 12.00
# Visual Studio Version 17
VisualStudioVersion = 17.8.34330.188
MinimumVisualStudioVersion = 10.0.40219.1
Project("{FAE04EC0-301F-11D3-BF4B-00C04F79EFBC}") = "KT0720Huy_63132131", "KT0720Huy_63132131\KT0720Huy_63132131.csproj", "{6655B018-66A9-4F0A-9E43-608DB74BC0F5}"
EndProject
Global
	GlobalSection(SolutionConfigurationPlatforms) = preSolution
		Debug|Any CPU = Debug|Any CPU
		Release|Any CPU = Release|Any CPU
	EndGlobalSection
	GlobalSection(ProjectConfigurationPlatforms) = postSolution
		{6655B018-66A9-4F0A-9E43-608DB74BC0F5}.Debug|Any CPU.ActiveCfg = Debug|Any CPU
		{6655B018-66A9-4F0A-9E43-608DB74BC0F5}.Debug|Any CPU.Build.0 = Debug|Any CPU
		{6655B018-66A9-4F0A-9E43-608DB74BC0F5}.Release|Any CPU.ActiveCfg = Release|Any CPU
		{6655B018-66A9-4F0A-9E43-608DB74BC0F5}.Release|Any CPU.Build.0 = Release|Any CPU
	EndGlobalSection
	GlobalSection(SolutionProperties) = preSolution
		HideSolutionNode = FALSE
	EndGlobalSection
	GlobalSection(ExtensibilityGlobals) = postSolution
		SolutionGuid = {E7BDF219-BC72-443A-98F7-99BE4341001D}
	EndGlobalSection
EndGlobal
