
Microsoft Visual Studio Solution File, Format Version 12.00
# Visual Studio Version 17
VisualStudioVersion = 17.8.34330.188
MinimumVisualStudioVersion = 10.0.40219.1
Project("{FAE04EC0-301F-11D3-BF4B-00C04F79EFBC}") = "BaiTap1.0_63132131", "BaiTap1.0_63132131\BaiTap1.0_63132131.csproj", "{E31CDCE9-B8DE-44B9-9CC5-4F22C0B8495B}"
EndProject
Global
	GlobalSection(SolutionConfigurationPlatforms) = preSolution
		Debug|Any CPU = Debug|Any CPU
		Release|Any CPU = Release|Any CPU
	EndGlobalSection
	GlobalSection(ProjectConfigurationPlatforms) = postSolution
		{E31CDCE9-B8DE-44B9-9CC5-4F22C0B8495B}.Debug|Any CPU.ActiveCfg = Debug|Any CPU
		{E31CDCE9-B8DE-44B9-9CC5-4F22C0B8495B}.Debug|Any CPU.Build.0 = Debug|Any CPU
		{E31CDCE9-B8DE-44B9-9CC5-4F22C0B8495B}.Release|Any CPU.ActiveCfg = Release|Any CPU
		{E31CDCE9-B8DE-44B9-9CC5-4F22C0B8495B}.Release|Any CPU.Build.0 = Release|Any CPU
	EndGlobalSection
	GlobalSection(SolutionProperties) = preSolution
		HideSolutionNode = FALSE
	EndGlobalSection
	GlobalSection(ExtensibilityGlobals) = postSolution
		SolutionGuid = {9D16AD3B-AAE2-4FE7-A2F7-CE4984C385D2}
	EndGlobalSection
EndGlobal
