
Microsoft Visual Studio Solution File, Format Version 12.00
# Visual Studio Version 17
VisualStudioVersion = 17.8.34330.188
MinimumVisualStudioVersion = 10.0.40219.1
Project("{F184B08F-C81C-45F6-A57F-5ABD9991F28F}") = "BaiTap2_63132131", "BaiTap2_63132131\BaiTap2_63132131.vbproj", "{F3395B84-5D2A-4583-8A6C-5973C46135F3}"
EndProject
Global
	GlobalSection(SolutionConfigurationPlatforms) = preSolution
		Debug|Any CPU = Debug|Any CPU
		Release|Any CPU = Release|Any CPU
	EndGlobalSection
	GlobalSection(ProjectConfigurationPlatforms) = postSolution
		{F3395B84-5D2A-4583-8A6C-5973C46135F3}.Debug|Any CPU.ActiveCfg = Debug|Any CPU
		{F3395B84-5D2A-4583-8A6C-5973C46135F3}.Debug|Any CPU.Build.0 = Debug|Any CPU
		{F3395B84-5D2A-4583-8A6C-5973C46135F3}.Release|Any CPU.ActiveCfg = Release|Any CPU
		{F3395B84-5D2A-4583-8A6C-5973C46135F3}.Release|Any CPU.Build.0 = Release|Any CPU
	EndGlobalSection
	GlobalSection(SolutionProperties) = preSolution
		HideSolutionNode = FALSE
	EndGlobalSection
	GlobalSection(ExtensibilityGlobals) = postSolution
		SolutionGuid = {21B6B9B3-EA9D-4A5C-892B-954D987F70D6}
	EndGlobalSection
EndGlobal
