
Microsoft Visual Studio Solution File, Format Version 12.00
# Visual Studio Version 17
VisualStudioVersion = 17.8.34330.188
MinimumVisualStudioVersion = 10.0.40219.1
Project("{FAE04EC0-301F-11D3-BF4B-00C04F79EFBC}") = "WebApplication3", "WebApplication3\WebApplication3.csproj", "{36B84DFD-D6F3-4E41-B5EE-D85F2A13112F}"
EndProject
Global
	GlobalSection(SolutionConfigurationPlatforms) = preSolution
		Debug|Any CPU = Debug|Any CPU
		Release|Any CPU = Release|Any CPU
	EndGlobalSection
	GlobalSection(ProjectConfigurationPlatforms) = postSolution
		{36B84DFD-D6F3-4E41-B5EE-D85F2A13112F}.Debug|Any CPU.ActiveCfg = Debug|Any CPU
		{36B84DFD-D6F3-4E41-B5EE-D85F2A13112F}.Debug|Any CPU.Build.0 = Debug|Any CPU
		{36B84DFD-D6F3-4E41-B5EE-D85F2A13112F}.Release|Any CPU.ActiveCfg = Release|Any CPU
		{36B84DFD-D6F3-4E41-B5EE-D85F2A13112F}.Release|Any CPU.Build.0 = Release|Any CPU
	EndGlobalSection
	GlobalSection(SolutionProperties) = preSolution
		HideSolutionNode = FALSE
	EndGlobalSection
	GlobalSection(ExtensibilityGlobals) = postSolution
		SolutionGuid = {DD68A735-B7CC-4C08-8BC5-41176A7C24FB}
	EndGlobalSection
EndGlobal
