
Microsoft Visual Studio Solution File, Format Version 12.00
# Visual Studio Version 17
VisualStudioVersion = 17.7.34031.279
MinimumVisualStudioVersion = 10.0.40219.1
Project("{FAE04EC0-301F-11D3-BF4B-00C04F79EFBC}") = "Baitap5_63132131", "Baitap5_63130230\Baitap5_63132131.csproj", "{8BDB8754-201F-4D05-9ECD-D0CCDFA5AA51}"
EndProject
Global
	GlobalSection(SolutionConfigurationPlatforms) = preSolution
		Debug|Any CPU = Debug|Any CPU
		Release|Any CPU = Release|Any CPU
	EndGlobalSection
	GlobalSection(ProjectConfigurationPlatforms) = postSolution
		{8BDB8754-201F-4D05-9ECD-D0CCDFA5AA51}.Debug|Any CPU.ActiveCfg = Debug|Any CPU
		{8BDB8754-201F-4D05-9ECD-D0CCDFA5AA51}.Debug|Any CPU.Build.0 = Debug|Any CPU
		{8BDB8754-201F-4D05-9ECD-D0CCDFA5AA51}.Release|Any CPU.ActiveCfg = Release|Any CPU
		{8BDB8754-201F-4D05-9ECD-D0CCDFA5AA51}.Release|Any CPU.Build.0 = Release|Any CPU
	EndGlobalSection
	GlobalSection(SolutionProperties) = preSolution
		HideSolutionNode = FALSE
	EndGlobalSection
	GlobalSection(ExtensibilityGlobals) = postSolution
		SolutionGuid = {B93398EB-7EAA-4DDD-98D3-4058D42878BF}
	EndGlobalSection
EndGlobal
