
Microsoft Visual Studio Solution File, Format Version 12.00
# Visual Studio Version 17
VisualStudioVersion = 17.9.34616.47
MinimumVisualStudioVersion = 10.0.40219.1
Project("{FAE04EC0-301F-11D3-BF4B-00C04F79EFBC}") = "BT6_63130516", "BT6_63130516\BT6_63130516.csproj", "{B45FD73B-7054-4D84-97E8-5563429B3007}"
EndProject
Global
	GlobalSection(SolutionConfigurationPlatforms) = preSolution
		Debug|Any CPU = Debug|Any CPU
		Release|Any CPU = Release|Any CPU
	EndGlobalSection
	GlobalSection(ProjectConfigurationPlatforms) = postSolution
		{B45FD73B-7054-4D84-97E8-5563429B3007}.Debug|Any CPU.ActiveCfg = Debug|Any CPU
		{B45FD73B-7054-4D84-97E8-5563429B3007}.Debug|Any CPU.Build.0 = Debug|Any CPU
		{B45FD73B-7054-4D84-97E8-5563429B3007}.Release|Any CPU.ActiveCfg = Release|Any CPU
		{B45FD73B-7054-4D84-97E8-5563429B3007}.Release|Any CPU.Build.0 = Release|Any CPU
	EndGlobalSection
	GlobalSection(SolutionProperties) = preSolution
		HideSolutionNode = FALSE
	EndGlobalSection
	GlobalSection(ExtensibilityGlobals) = postSolution
		SolutionGuid = {6774CBC8-E47A-4596-829F-29DF4F33DFB1}
	EndGlobalSection
EndGlobal
