
Microsoft Visual Studio Solution File, Format Version 12.00
# Visual Studio Version 17
VisualStudioVersion = 17.8.34330.188
MinimumVisualStudioVersion = 10.0.40219.1
Project("{FAE04EC0-301F-11D3-BF4B-00C04F79EFBC}") = "Thi63TTQL1_63132131", "Thi63TTQL1_63132131\Thi63TTQL1_63132131.csproj", "{2DBD80A9-119E-4C8F-A10D-5341F9063261}"
EndProject
Global
	GlobalSection(SolutionConfigurationPlatforms) = preSolution
		Debug|Any CPU = Debug|Any CPU
		Release|Any CPU = Release|Any CPU
	EndGlobalSection
	GlobalSection(ProjectConfigurationPlatforms) = postSolution
		{2DBD80A9-119E-4C8F-A10D-5341F9063261}.Debug|Any CPU.ActiveCfg = Debug|Any CPU
		{2DBD80A9-119E-4C8F-A10D-5341F9063261}.Debug|Any CPU.Build.0 = Debug|Any CPU
		{2DBD80A9-119E-4C8F-A10D-5341F9063261}.Release|Any CPU.ActiveCfg = Release|Any CPU
		{2DBD80A9-119E-4C8F-A10D-5341F9063261}.Release|Any CPU.Build.0 = Release|Any CPU
	EndGlobalSection
	GlobalSection(SolutionProperties) = preSolution
		HideSolutionNode = FALSE
	EndGlobalSection
	GlobalSection(ExtensibilityGlobals) = postSolution
		SolutionGuid = {C6D0A044-1FFC-4A69-BAEB-54C5ECC26EBD}
	EndGlobalSection
EndGlobal
